
Microsoft Visual Studio Solution File, Format Version 12.00
# Visual Studio 14
VisualStudioVersion = 14.0.23107.0
MinimumVisualStudioVersion = 10.0.40219.1
Project("{2150E333-8FDC-42A3-9474-1A3956D46DE8}") = "src", "src", "{C2D24D80-5103-40D4-AA53-5E6C0B6194D9}"
EndProject
Project("{2150E333-8FDC-42A3-9474-1A3956D46DE8}") = "Solution Items", "Solution Items", "{3D93F0C7-5A2B-440A-87D5-DC19F283BCA7}"
	ProjectSection(SolutionItems) = preProject
		global.json = global.json
	EndProjectSection
EndProject
Project("{8BB2217D-0F2D-49D1-97BC-3654ED321F3B}") = "AdventOfCode02", "src\AdventOfCode02\AdventOfCode02.xproj", "{59087AAD-464C-41DE-879F-29143CB43FCC}"
EndProject
Project("{8BB2217D-0F2D-49D1-97BC-3654ED321F3B}") = "AdventOfCode03", "src\AdventOfCode03\AdventOfCode03.xproj", "{3E76C306-8783-42F9-9E41-C85E14913070}"
EndProject
Project("{8BB2217D-0F2D-49D1-97BC-3654ED321F3B}") = "AdventOfCode04", "src\AdventOfCode04\AdventOfCode04.xproj", "{BFC41753-9789-4311-B632-39661272D0E7}"
EndProject
Global
	GlobalSection(SolutionConfigurationPlatforms) = preSolution
		Debug|Any CPU = Debug|Any CPU
		Release|Any CPU = Release|Any CPU
	EndGlobalSection
	GlobalSection(ProjectConfigurationPlatforms) = postSolution
		{59087AAD-464C-41DE-879F-29143CB43FCC}.Debug|Any CPU.ActiveCfg = Debug|Any CPU
		{59087AAD-464C-41DE-879F-29143CB43FCC}.Debug|Any CPU.Build.0 = Debug|Any CPU
		{59087AAD-464C-41DE-879F-29143CB43FCC}.Release|Any CPU.ActiveCfg = Release|Any CPU
		{59087AAD-464C-41DE-879F-29143CB43FCC}.Release|Any CPU.Build.0 = Release|Any CPU
		{3E76C306-8783-42F9-9E41-C85E14913070}.Debug|Any CPU.ActiveCfg = Debug|Any CPU
		{3E76C306-8783-42F9-9E41-C85E14913070}.Debug|Any CPU.Build.0 = Debug|Any CPU
		{3E76C306-8783-42F9-9E41-C85E14913070}.Release|Any CPU.ActiveCfg = Release|Any CPU
		{3E76C306-8783-42F9-9E41-C85E14913070}.Release|Any CPU.Build.0 = Release|Any CPU
		{BFC41753-9789-4311-B632-39661272D0E7}.Debug|Any CPU.ActiveCfg = Debug|Any CPU
		{BFC41753-9789-4311-B632-39661272D0E7}.Debug|Any CPU.Build.0 = Debug|Any CPU
		{BFC41753-9789-4311-B632-39661272D0E7}.Release|Any CPU.ActiveCfg = Release|Any CPU
		{BFC41753-9789-4311-B632-39661272D0E7}.Release|Any CPU.Build.0 = Release|Any CPU
	EndGlobalSection
	GlobalSection(SolutionProperties) = preSolution
		HideSolutionNode = FALSE
	EndGlobalSection
	GlobalSection(NestedProjects) = preSolution
		{59087AAD-464C-41DE-879F-29143CB43FCC} = {C2D24D80-5103-40D4-AA53-5E6C0B6194D9}
		{3E76C306-8783-42F9-9E41-C85E14913070} = {C2D24D80-5103-40D4-AA53-5E6C0B6194D9}
		{BFC41753-9789-4311-B632-39661272D0E7} = {C2D24D80-5103-40D4-AA53-5E6C0B6194D9}
	EndGlobalSection
EndGlobal
